<?xml version="1.0" encoding="utf-8"?>
<Project ToolsVersion="4.0" xmlns="http://schemas.microsoft.com/developer/msbuild/2003">
  <ItemGroup>
    <Filter Include="Source Files">
      <UniqueIdentifier>{4FC737F1-C7A5-4376-A066-2A32D752A2FF}</UniqueIdentifier>
      <Extensions>cpp;c;cc;cxx;def;odl;idl;hpj;bat;asm;asmx</Extensions>
    </Filter>
    <Filter Include="Header Files">
      <UniqueIdentifier>{93995380-89BD-4b04-88EB-625FBE52EBFB}</UniqueIdentifier>
      <Extensions>h;hh;hpp;hxx;hm;inl;inc;ipp;xsd</Extensions>
    </Filter>
  </ItemGroup>
  <ItemGroup>
    <ClCompile Include="Source\FrogPlatform.cpp">
      <Filter>Source Files</Filter>
    </ClCompile>
    <ClCompile Include="Source\main.cpp">
      <Filter>Source Files</Filter>
    </ClCompile>
    <ClCompile Include="Source\Common.cpp">
      <Filter>Source Files</Filter>
    </ClCompile>
    <ClCompile Include="Source\FrogRender.cpp">
      <Filter>Source Files</Filter>
    </ClCompile>
    <ClCompile Include="Source\stb_image.c">
      <Filter>Source Files</Filter>
    </ClCompile>
    <ClCompile Include="Source\FrogString.cpp">
      <Filter>Source Files</Filter>
    </ClCompile>
    <ClCompile Include="Source\FrogInput.cpp">
      <Filter>Source Files</Filter>
    </ClCompile>
    <ClCompile Include="Source\SimpleMaze.c">
      <Filter>Source Files</Filter>
    </ClCompile>
    <ClCompile Include="Source\EntityMaze.c">
      <Filter>Source Files</Filter>
    </ClCompile>
  </ItemGroup>
  <ItemGroup>
    <ClInclude Include="Source\FrogPlatform.h">
      <Filter>Header Files</Filter>
    </ClInclude>
    <ClInclude Include="Source\Common.h">
      <Filter>Header Files</Filter>
    </ClInclude>
    <ClInclude Include="Source\FrogRender.h">
      <Filter>Header Files</Filter>
    </ClInclude>
    <ClInclude Include="Source\GlWrapper.h">
      <Filter>Header Files</Filter>
    </ClInclude>
    <ClInclude Include="Source\Array.h">
      <Filter>Header Files</Filter>
    </ClInclude>
    <ClInclude Include="Source\stb_image.h">
      <Filter>Header Files</Filter>
    </ClInclude>
    <ClInclude Include="Source\SimpleMaze.h">
      <Filter>Header Files</Filter>
    </ClInclude>
    <ClInclude Include="Source\CommonCpp.h">
      <Filter>Header Files</Filter>
    </ClInclude>
    <ClInclude Include="Source\FrogInput.h">
      <Filter>Header Files</Filter>
    </ClInclude>
    <ClInclude Include="Source\FrogString.h">
      <Filter>Header Files</Filter>
    </ClInclude>
    <ClInclude Include="Source\EntityMaze.h">
      <Filter>Header Files</Filter>
    </ClInclude>
  </ItemGroup>
  <ItemGroup>
    <None Include="Source\FontShaders.inl">
      <Filter>Header Files</Filter>
    </None>
    <None Include="Source\SpriteShaders.inl">
      <Filter>Header Files</Filter>
    </None>
  </ItemGroup>
</Project>